
Microsoft Visual Studio Solution File, Format Version 12.00
# Visual Studio Version 17
VisualStudioVersion = 17.10.34928.147
MinimumVisualStudioVersion = 10.0.40219.1
Project("{FAE04EC0-301F-11D3-BF4B-00C04F79EFBC}") = "Abdt.ContractBroker", "Abdt.ContractBroker\Abdt.ContractBroker.csproj", "{9A0AED18-AB90-42E1-9E2B-05B85C95C275}"
EndProject
Project("{FAE04EC0-301F-11D3-BF4B-00C04F79EFBC}") = "Abdt.ContractBroker.Domain", "Abdt.ContractBroker.Domain\Abdt.ContractBroker.Domain.csproj", "{902508BF-FDB4-4441-8174-A876C01F54A6}"
EndProject
Project("{FAE04EC0-301F-11D3-BF4B-00C04F79EFBC}") = "Abdt.ContractBroker.Repository", "Abdt.ContractBroker.Repository\Abdt.ContractBroker.Repository.csproj", "{D0C37CCD-FB6F-43E4-83FB-C26A9EF1A4D4}"
EndProject
Project("{FAE04EC0-301F-11D3-BF4B-00C04F79EFBC}") = "Abdt.ContractBroker.Repository.Abstractions", "Abdt.ContractBroker.Repository.Abstractions\Abdt.ContractBroker.Repository.Abstractions.csproj", "{7C16A6DB-C675-4CA4-8B77-58ADB04B98EE}"
EndProject
Project("{E53339B2-1760-4266-BCC7-CA923CBCF16C}") = "docker-compose", "docker-compose.dcproj", "{59B8E114-6D71-442A-821F-196BFF870CD8}"
EndProject
Global
	GlobalSection(SolutionConfigurationPlatforms) = preSolution
		Debug|Any CPU = Debug|Any CPU
		Release|Any CPU = Release|Any CPU
	EndGlobalSection
	GlobalSection(ProjectConfigurationPlatforms) = postSolution
		{9A0AED18-AB90-42E1-9E2B-05B85C95C275}.Debug|Any CPU.ActiveCfg = Debug|Any CPU
		{9A0AED18-AB90-42E1-9E2B-05B85C95C275}.Debug|Any CPU.Build.0 = Debug|Any CPU
		{9A0AED18-AB90-42E1-9E2B-05B85C95C275}.Release|Any CPU.ActiveCfg = Release|Any CPU
		{9A0AED18-AB90-42E1-9E2B-05B85C95C275}.Release|Any CPU.Build.0 = Release|Any CPU
		{902508BF-FDB4-4441-8174-A876C01F54A6}.Debug|Any CPU.ActiveCfg = Debug|Any CPU
		{902508BF-FDB4-4441-8174-A876C01F54A6}.Debug|Any CPU.Build.0 = Debug|Any CPU
		{902508BF-FDB4-4441-8174-A876C01F54A6}.Release|Any CPU.ActiveCfg = Release|Any CPU
		{902508BF-FDB4-4441-8174-A876C01F54A6}.Release|Any CPU.Build.0 = Release|Any CPU
		{D0C37CCD-FB6F-43E4-83FB-C26A9EF1A4D4}.Debug|Any CPU.ActiveCfg = Debug|Any CPU
		{D0C37CCD-FB6F-43E4-83FB-C26A9EF1A4D4}.Debug|Any CPU.Build.0 = Debug|Any CPU
		{D0C37CCD-FB6F-43E4-83FB-C26A9EF1A4D4}.Release|Any CPU.ActiveCfg = Release|Any CPU
		{D0C37CCD-FB6F-43E4-83FB-C26A9EF1A4D4}.Release|Any CPU.Build.0 = Release|Any CPU
		{7C16A6DB-C675-4CA4-8B77-58ADB04B98EE}.Debug|Any CPU.ActiveCfg = Debug|Any CPU
		{7C16A6DB-C675-4CA4-8B77-58ADB04B98EE}.Debug|Any CPU.Build.0 = Debug|Any CPU
		{7C16A6DB-C675-4CA4-8B77-58ADB04B98EE}.Release|Any CPU.ActiveCfg = Release|Any CPU
		{7C16A6DB-C675-4CA4-8B77-58ADB04B98EE}.Release|Any CPU.Build.0 = Release|Any CPU
		{59B8E114-6D71-442A-821F-196BFF870CD8}.Debug|Any CPU.ActiveCfg = Debug|Any CPU
		{59B8E114-6D71-442A-821F-196BFF870CD8}.Debug|Any CPU.Build.0 = Debug|Any CPU
		{59B8E114-6D71-442A-821F-196BFF870CD8}.Release|Any CPU.ActiveCfg = Release|Any CPU
		{59B8E114-6D71-442A-821F-196BFF870CD8}.Release|Any CPU.Build.0 = Release|Any CPU
	EndGlobalSection
	GlobalSection(SolutionProperties) = preSolution
		HideSolutionNode = FALSE
	EndGlobalSection
	GlobalSection(ExtensibilityGlobals) = postSolution
		SolutionGuid = {66314903-B3AC-4037-BE42-6F2669E889F5}
	EndGlobalSection
EndGlobal
